
Microsoft Visual Studio Solution File, Format Version 12.00
# Visual Studio Version 17
VisualStudioVersion = 17.9.34728.123
MinimumVisualStudioVersion = 10.0.40219.1
Project("{9A19103F-16F7-4668-BE54-9A1E7A4F7556}") = "Note.Api", "Note.Api\Note.Api.csproj", "{D2163450-01C2-47E5-9064-5EA53F7E2B0F}"
EndProject
Project("{9A19103F-16F7-4668-BE54-9A1E7A4F7556}") = "Note.Infrastructure", "Note.Infrastructure\Note.Infrastructure.csproj", "{AD8E4D3C-19C4-443E-A2F5-BAAEFAD5E85C}"
EndProject
Project("{9A19103F-16F7-4668-BE54-9A1E7A4F7556}") = "Note.Application", "Note.Application\Note.Application.csproj", "{0476D97F-DF53-4E12-8EA5-DBB032E23D79}"
EndProject
Project("{2150E333-8FDC-42A3-9474-1A3956D46DE8}") = "DatabaseBackup", "DatabaseBackup", "{50520685-B42F-486C-B559-5A86DF987418}"
	ProjectSection(SolutionItems) = preProject
		DatabaseBackup\notedb_backup.dmp = DatabaseBackup\notedb_backup.dmp
	EndProjectSection
EndProject
Project("{FAE04EC0-301F-11D3-BF4B-00C04F79EFBC}") = "Note.Domain", "Note.Domain\Note.Domain.csproj", "{113317A9-C37A-BC04-A97B-EE5EA608BFCA}"
EndProject
Global
	GlobalSection(SolutionConfigurationPlatforms) = preSolution
		Debug|Any CPU = Debug|Any CPU
		Release|Any CPU = Release|Any CPU
	EndGlobalSection
	GlobalSection(ProjectConfigurationPlatforms) = postSolution
		{D2163450-01C2-47E5-9064-5EA53F7E2B0F}.Debug|Any CPU.ActiveCfg = Debug|Any CPU
		{D2163450-01C2-47E5-9064-5EA53F7E2B0F}.Debug|Any CPU.Build.0 = Debug|Any CPU
		{D2163450-01C2-47E5-9064-5EA53F7E2B0F}.Release|Any CPU.ActiveCfg = Release|Any CPU
		{D2163450-01C2-47E5-9064-5EA53F7E2B0F}.Release|Any CPU.Build.0 = Release|Any CPU
		{AD8E4D3C-19C4-443E-A2F5-BAAEFAD5E85C}.Debug|Any CPU.ActiveCfg = Debug|Any CPU
		{AD8E4D3C-19C4-443E-A2F5-BAAEFAD5E85C}.Debug|Any CPU.Build.0 = Debug|Any CPU
		{AD8E4D3C-19C4-443E-A2F5-BAAEFAD5E85C}.Release|Any CPU.ActiveCfg = Release|Any CPU
		{AD8E4D3C-19C4-443E-A2F5-BAAEFAD5E85C}.Release|Any CPU.Build.0 = Release|Any CPU
		{0476D97F-DF53-4E12-8EA5-DBB032E23D79}.Debug|Any CPU.ActiveCfg = Debug|Any CPU
		{0476D97F-DF53-4E12-8EA5-DBB032E23D79}.Debug|Any CPU.Build.0 = Debug|Any CPU
		{0476D97F-DF53-4E12-8EA5-DBB032E23D79}.Release|Any CPU.ActiveCfg = Release|Any CPU
		{0476D97F-DF53-4E12-8EA5-DBB032E23D79}.Release|Any CPU.Build.0 = Release|Any CPU
		{113317A9-C37A-BC04-A97B-EE5EA608BFCA}.Debug|Any CPU.ActiveCfg = Debug|Any CPU
		{113317A9-C37A-BC04-A97B-EE5EA608BFCA}.Debug|Any CPU.Build.0 = Debug|Any CPU
		{113317A9-C37A-BC04-A97B-EE5EA608BFCA}.Release|Any CPU.ActiveCfg = Release|Any CPU
		{113317A9-C37A-BC04-A97B-EE5EA608BFCA}.Release|Any CPU.Build.0 = Release|Any CPU
	EndGlobalSection
	GlobalSection(SolutionProperties) = preSolution
		HideSolutionNode = FALSE
	EndGlobalSection
	GlobalSection(ExtensibilityGlobals) = postSolution
		SolutionGuid = {EFB100F7-10D1-4FBB-9155-7F4C2BDC07CF}
	EndGlobalSection
EndGlobal
